// !$*UTF8*$!
{
	archiveVersion = 1;
	classes = {
	};
	objectVersion = 48;
	objects = {

/* Begin PBXBuildFile section */
		20552BE32023B36F00CC16C4 /* Message+CoreDataClass.swift in Sources */ = {isa = PBXBuildFile; fileRef = 20552BDD2023B36F00CC16C4 /* Message+CoreDataClass.swift */; };
		20552BE42023B36F00CC16C4 /* User+CoreDataProperties.swift in Sources */ = {isa = PBXBuildFile; fileRef = 20552BDE2023B36F00CC16C4 /* User+CoreDataProperties.swift */; };
		20552BE52023B36F00CC16C4 /* MessengerModel.xcdatamodeld in Sources */ = {isa = PBXBuildFile; fileRef = 20552BDF2023B36F00CC16C4 /* MessengerModel.xcdatamodeld */; };
		20552BE62023B36F00CC16C4 /* Message+CoreDataProperties.swift in Sources */ = {isa = PBXBuildFile; fileRef = 20552BE12023B36F00CC16C4 /* Message+CoreDataProperties.swift */; };
		20552BE72023B36F00CC16C4 /* User+CoreDataClass.swift in Sources */ = {isa = PBXBuildFile; fileRef = 20552BE22023B36F00CC16C4 /* User+CoreDataClass.swift */; };
		20552BEB2023B46300CC16C4 /* LoginViewController.swift in Sources */ = {isa = PBXBuildFile; fileRef = 20552BEA2023B46300CC16C4 /* LoginViewController.swift */; };
		20552BEE2023B49800CC16C4 /* CoreDataStack.swift in Sources */ = {isa = PBXBuildFile; fileRef = 20552BED2023B49800CC16C4 /* CoreDataStack.swift */; };
		2081233F201E5D9D000366AC /* AppDelegate.swift in Sources */ = {isa = PBXBuildFile; fileRef = 2081233E201E5D9D000366AC /* AppDelegate.swift */; };
		20812341201E5D9D000366AC /* ViewController.swift in Sources */ = {isa = PBXBuildFile; fileRef = 20812340201E5D9D000366AC /* ViewController.swift */; };
		20812344201E5D9D000366AC /* Main.storyboard in Resources */ = {isa = PBXBuildFile; fileRef = 20812342201E5D9D000366AC /* Main.storyboard */; };
		20812346201E5D9D000366AC /* Assets.xcassets in Resources */ = {isa = PBXBuildFile; fileRef = 20812345201E5D9D000366AC /* Assets.xcassets */; };
		20812349201E5D9D000366AC /* LaunchScreen.storyboard in Resources */ = {isa = PBXBuildFile; fileRef = 20812347201E5D9D000366AC /* LaunchScreen.storyboard */; };
		20C90812201E73280070FEE4 /* Route.swift in Sources */ = {isa = PBXBuildFile; fileRef = 20C90811201E73280070FEE4 /* Route.swift */; };
		20C90814201E73440070FEE4 /* NetworkAdaptor.swift in Sources */ = {isa = PBXBuildFile; fileRef = 20C90813201E73440070FEE4 /* NetworkAdaptor.swift */; };
		20C90816201E73630070FEE4 /* ClientManager.swift in Sources */ = {isa = PBXBuildFile; fileRef = 20C90815201E73630070FEE4 /* ClientManager.swift */; };
		6787FFA120241A19008786D3 /* SignUpViewController.swift in Sources */ = {isa = PBXBuildFile; fileRef = 6787FFA020241A19008786D3 /* SignUpViewController.swift */; };
		7BEF653262D54D8C26782AB4 /* Pods_voice_app_clinet.framework in Frameworks */ = {isa = PBXBuildFile; fileRef = A72EEBCAFA2391636DB3A530 /* Pods_voice_app_clinet.framework */; };
/* End PBXBuildFile section */

/* Begin PBXFileReference section */
		20552BDD2023B36F00CC16C4 /* Message+CoreDataClass.swift */ = {isa = PBXFileReference; fileEncoding = 4; lastKnownFileType = sourcecode.swift; path = "Message+CoreDataClass.swift"; sourceTree = "<group>"; };
		20552BDE2023B36F00CC16C4 /* User+CoreDataProperties.swift */ = {isa = PBXFileReference; fileEncoding = 4; lastKnownFileType = sourcecode.swift; path = "User+CoreDataProperties.swift"; sourceTree = "<group>"; };
		20552BE02023B36F00CC16C4 /* MessengerModel.xcdatamodel */ = {isa = PBXFileReference; lastKnownFileType = wrapper.xcdatamodel; path = MessengerModel.xcdatamodel; sourceTree = "<group>"; };
		20552BE12023B36F00CC16C4 /* Message+CoreDataProperties.swift */ = {isa = PBXFileReference; fileEncoding = 4; lastKnownFileType = sourcecode.swift; path = "Message+CoreDataProperties.swift"; sourceTree = "<group>"; };
		20552BE22023B36F00CC16C4 /* User+CoreDataClass.swift */ = {isa = PBXFileReference; fileEncoding = 4; lastKnownFileType = sourcecode.swift; path = "User+CoreDataClass.swift"; sourceTree = "<group>"; };
		20552BEA2023B46300CC16C4 /* LoginViewController.swift */ = {isa = PBXFileReference; fileEncoding = 4; lastKnownFileType = sourcecode.swift; name = LoginViewController.swift; path = "UI/View Controllers/LoginViewController.swift"; sourceTree = "<group>"; };
		20552BED2023B49800CC16C4 /* CoreDataStack.swift */ = {isa = PBXFileReference; fileEncoding = 4; lastKnownFileType = sourcecode.swift; path = CoreDataStack.swift; sourceTree = "<group>"; };
		2081233B201E5D9D000366AC /* voice-app-clinet.app */ = {isa = PBXFileReference; explicitFileType = wrapper.application; includeInIndex = 0; path = "voice-app-clinet.app"; sourceTree = BUILT_PRODUCTS_DIR; };
		2081233E201E5D9D000366AC /* AppDelegate.swift */ = {isa = PBXFileReference; lastKnownFileType = sourcecode.swift; path = AppDelegate.swift; sourceTree = "<group>"; };
		20812340201E5D9D000366AC /* ViewController.swift */ = {isa = PBXFileReference; lastKnownFileType = sourcecode.swift; path = ViewController.swift; sourceTree = "<group>"; };
		20812343201E5D9D000366AC /* Base */ = {isa = PBXFileReference; lastKnownFileType = file.storyboard; name = Base; path = Base.lproj/Main.storyboard; sourceTree = "<group>"; };
		20812345201E5D9D000366AC /* Assets.xcassets */ = {isa = PBXFileReference; lastKnownFileType = folder.assetcatalog; path = Assets.xcassets; sourceTree = "<group>"; };
		20812348201E5D9D000366AC /* Base */ = {isa = PBXFileReference; lastKnownFileType = file.storyboard; name = Base; path = Base.lproj/LaunchScreen.storyboard; sourceTree = "<group>"; };
		2081234A201E5D9D000366AC /* Info.plist */ = {isa = PBXFileReference; lastKnownFileType = text.plist.xml; path = Info.plist; sourceTree = "<group>"; };
		20C90811201E73280070FEE4 /* Route.swift */ = {isa = PBXFileReference; lastKnownFileType = sourcecode.swift; path = Route.swift; sourceTree = "<group>"; };
		20C90813201E73440070FEE4 /* NetworkAdaptor.swift */ = {isa = PBXFileReference; lastKnownFileType = sourcecode.swift; path = NetworkAdaptor.swift; sourceTree = "<group>"; };
		20C90815201E73630070FEE4 /* ClientManager.swift */ = {isa = PBXFileReference; lastKnownFileType = sourcecode.swift; path = ClientManager.swift; sourceTree = "<group>"; };
		26EDD52CEC07F0C592DC0475 /* Pods-voice-app-clinet.debug.xcconfig */ = {isa = PBXFileReference; includeInIndex = 1; lastKnownFileType = text.xcconfig; name = "Pods-voice-app-clinet.debug.xcconfig"; path = "Pods/Target Support Files/Pods-voice-app-clinet/Pods-voice-app-clinet.debug.xcconfig"; sourceTree = "<group>"; };
		556DD9CCDF0FE461A0E6378E /* Pods-voice-app-clinet.release.xcconfig */ = {isa = PBXFileReference; includeInIndex = 1; lastKnownFileType = text.xcconfig; name = "Pods-voice-app-clinet.release.xcconfig"; path = "Pods/Target Support Files/Pods-voice-app-clinet/Pods-voice-app-clinet.release.xcconfig"; sourceTree = "<group>"; };
		6787FFA020241A19008786D3 /* SignUpViewController.swift */ = {isa = PBXFileReference; lastKnownFileType = sourcecode.swift; path = SignUpViewController.swift; sourceTree = "<group>"; };
		A72EEBCAFA2391636DB3A530 /* Pods_voice_app_clinet.framework */ = {isa = PBXFileReference; explicitFileType = wrapper.framework; includeInIndex = 0; path = Pods_voice_app_clinet.framework; sourceTree = BUILT_PRODUCTS_DIR; };
/* End PBXFileReference section */

/* Begin PBXFrameworksBuildPhase section */
		20812338201E5D9C000366AC /* Frameworks */ = {
			isa = PBXFrameworksBuildPhase;
			buildActionMask = 2147483647;
			files = (
				7BEF653262D54D8C26782AB4 /* Pods_voice_app_clinet.framework in Frameworks */,
			);
			runOnlyForDeploymentPostprocessing = 0;
		};
/* End PBXFrameworksBuildPhase section */

/* Begin PBXGroup section */
		20552BDC2023B33D00CC16C4 /* Models */ = {
			isa = PBXGroup;
			children = (
				20552BDD2023B36F00CC16C4 /* Message+CoreDataClass.swift */,
				20552BE12023B36F00CC16C4 /* Message+CoreDataProperties.swift */,
				20552BDF2023B36F00CC16C4 /* MessengerModel.xcdatamodeld */,
				20552BE22023B36F00CC16C4 /* User+CoreDataClass.swift */,
				20552BDE2023B36F00CC16C4 /* User+CoreDataProperties.swift */,
			);
			path = Models;
			sourceTree = "<group>";
		};
		20552BE82023B3BD00CC16C4 /* UI */ = {
			isa = PBXGroup;
			children = (
				20552BE92023B3CC00CC16C4 /* View Controllers */,
			);
			name = UI;
			sourceTree = "<group>";
		};
		20552BE92023B3CC00CC16C4 /* View Controllers */ = {
			isa = PBXGroup;
			children = (
				20552BEA2023B46300CC16C4 /* LoginViewController.swift */,
				6787FFA020241A19008786D3 /* SignUpViewController.swift */,
			);
			name = "View Controllers";
			sourceTree = "<group>";
		};
		20552BEC2023B47700CC16C4 /* Services */ = {
			isa = PBXGroup;
			children = (
				20552BED2023B49800CC16C4 /* CoreDataStack.swift */,
			);
			path = Services;
			sourceTree = "<group>";
		};
		20812332201E5D9C000366AC = {
			isa = PBXGroup;
			children = (
				2081233D201E5D9D000366AC /* voice-app-clinet */,
				2081233C201E5D9D000366AC /* Products */,
				B8355E2EF1DE429AA344B991 /* Pods */,
				A22A27A19967F280ECF0654F /* Frameworks */,
			);
			sourceTree = "<group>";
		};
		2081233C201E5D9D000366AC /* Products */ = {
			isa = PBXGroup;
			children = (
				2081233B201E5D9D000366AC /* voice-app-clinet.app */,
			);
			name = Products;
			sourceTree = "<group>";
		};
		2081233D201E5D9D000366AC /* voice-app-clinet */ = {
			isa = PBXGroup;
			children = (
				20552BEC2023B47700CC16C4 /* Services */,
				20552BE82023B3BD00CC16C4 /* UI */,
				20552BDC2023B33D00CC16C4 /* Models */,
				20812351201E5EB3000366AC /* Networking */,
				2081233E201E5D9D000366AC /* AppDelegate.swift */,
				20812340201E5D9D000366AC /* ViewController.swift */,
				20812342201E5D9D000366AC /* Main.storyboard */,
				20812345201E5D9D000366AC /* Assets.xcassets */,
				20812347201E5D9D000366AC /* LaunchScreen.storyboard */,
				2081234A201E5D9D000366AC /* Info.plist */,
			);
			path = "voice-app-clinet";
			sourceTree = "<group>";
		};
		20812351201E5EB3000366AC /* Networking */ = {
			isa = PBXGroup;
			children = (
				20C90811201E73280070FEE4 /* Route.swift */,
				20C90813201E73440070FEE4 /* NetworkAdaptor.swift */,
				20C90815201E73630070FEE4 /* ClientManager.swift */,
			);
			path = Networking;
			sourceTree = "<group>";
		};
		A22A27A19967F280ECF0654F /* Frameworks */ = {
			isa = PBXGroup;
			children = (
				A72EEBCAFA2391636DB3A530 /* Pods_voice_app_clinet.framework */,
			);
			name = Frameworks;
			sourceTree = "<group>";
		};
		B8355E2EF1DE429AA344B991 /* Pods */ = {
			isa = PBXGroup;
			children = (
				26EDD52CEC07F0C592DC0475 /* Pods-voice-app-clinet.debug.xcconfig */,
				556DD9CCDF0FE461A0E6378E /* Pods-voice-app-clinet.release.xcconfig */,
			);
			name = Pods;
			sourceTree = "<group>";
		};
/* End PBXGroup section */

/* Begin PBXNativeTarget section */
		2081233A201E5D9C000366AC /* voice-app-clinet */ = {
			isa = PBXNativeTarget;
			buildConfigurationList = 2081234D201E5D9D000366AC /* Build configuration list for PBXNativeTarget "voice-app-clinet" */;
			buildPhases = (
				D05A7EEC8B44929BB0254277 /* [CP] Check Pods Manifest.lock */,
				20812337201E5D9C000366AC /* Sources */,
				20812338201E5D9C000366AC /* Frameworks */,
				20812339201E5D9C000366AC /* Resources */,
				338F29DE891B8E3DB6B23667 /* [CP] Embed Pods Frameworks */,
				F64C6B1ED54D50899BB58EBE /* [CP] Copy Pods Resources */,
			);
			buildRules = (
			);
			dependencies = (
			);
			name = "voice-app-clinet";
			productName = "voice-app-clinet";
			productReference = 2081233B201E5D9D000366AC /* voice-app-clinet.app */;
			productType = "com.apple.product-type.application";
		};
/* End PBXNativeTarget section */

/* Begin PBXProject section */
		20812333201E5D9C000366AC /* Project object */ = {
			isa = PBXProject;
			attributes = {
				LastSwiftUpdateCheck = 0920;
				LastUpgradeCheck = 0920;
				ORGANIZATIONNAME = Yveslym;
				TargetAttributes = {
					2081233A201E5D9C000366AC = {
						CreatedOnToolsVersion = 9.2;
						ProvisioningStyle = Automatic;
					};
				};
			};
			buildConfigurationList = 20812336201E5D9C000366AC /* Build configuration list for PBXProject "voice-app-clinet" */;
			compatibilityVersion = "Xcode 8.0";
			developmentRegion = en;
			hasScannedForEncodings = 0;
			knownRegions = (
				en,
				Base,
			);
			mainGroup = 20812332201E5D9C000366AC;
			productRefGroup = 2081233C201E5D9D000366AC /* Products */;
			projectDirPath = "";
			projectRoot = "";
			targets = (
				2081233A201E5D9C000366AC /* voice-app-clinet */,
			);
		};
/* End PBXProject section */

/* Begin PBXResourcesBuildPhase section */
		20812339201E5D9C000366AC /* Resources */ = {
			isa = PBXResourcesBuildPhase;
			buildActionMask = 2147483647;
			files = (
				20812349201E5D9D000366AC /* LaunchScreen.storyboard in Resources */,
				20812346201E5D9D000366AC /* Assets.xcassets in Resources */,
				20812344201E5D9D000366AC /* Main.storyboard in Resources */,
			);
			runOnlyForDeploymentPostprocessing = 0;
		};
/* End PBXResourcesBuildPhase section */

/* Begin PBXShellScriptBuildPhase section */
		338F29DE891B8E3DB6B23667 /* [CP] Embed Pods Frameworks */ = {
			isa = PBXShellScriptBuildPhase;
			buildActionMask = 2147483647;
			files = (
			);
			inputPaths = (
				"${SRCROOT}/Pods/Target Support Files/Pods-voice-app-clinet/Pods-voice-app-clinet-frameworks.sh",
				"${BUILT_PRODUCTS_DIR}/Alamofire/Alamofire.framework",
				"${BUILT_PRODUCTS_DIR}/Moya/Moya.framework",
				"${BUILT_PRODUCTS_DIR}/Result/Result.framework",
			);
			name = "[CP] Embed Pods Frameworks";
			outputPaths = (
				"${TARGET_BUILD_DIR}/${FRAMEWORKS_FOLDER_PATH}/Alamofire.framework",
				"${TARGET_BUILD_DIR}/${FRAMEWORKS_FOLDER_PATH}/Moya.framework",
				"${TARGET_BUILD_DIR}/${FRAMEWORKS_FOLDER_PATH}/Result.framework",
			);
			runOnlyForDeploymentPostprocessing = 0;
			shellPath = /bin/sh;
			shellScript = "\"${SRCROOT}/Pods/Target Support Files/Pods-voice-app-clinet/Pods-voice-app-clinet-frameworks.sh\"\n";
			showEnvVarsInLog = 0;
		};
		D05A7EEC8B44929BB0254277 /* [CP] Check Pods Manifest.lock */ = {
			isa = PBXShellScriptBuildPhase;
			buildActionMask = 2147483647;
			files = (
			);
			inputPaths = (
				"${PODS_PODFILE_DIR_PATH}/Podfile.lock",
				"${PODS_ROOT}/Manifest.lock",
			);
			name = "[CP] Check Pods Manifest.lock";
			outputPaths = (
				"$(DERIVED_FILE_DIR)/Pods-voice-app-clinet-checkManifestLockResult.txt",
			);
			runOnlyForDeploymentPostprocessing = 0;
			shellPath = /bin/sh;
			shellScript = "diff \"${PODS_PODFILE_DIR_PATH}/Podfile.lock\" \"${PODS_ROOT}/Manifest.lock\" > /dev/null\nif [ $? != 0 ] ; then\n    # print error to STDERR\n    echo \"error: The sandbox is not in sync with the Podfile.lock. Run 'pod install' or update your CocoaPods installation.\" >&2\n    exit 1\nfi\n# This output is used by Xcode 'outputs' to avoid re-running this script phase.\necho \"SUCCESS\" > \"${SCRIPT_OUTPUT_FILE_0}\"\n";
			showEnvVarsInLog = 0;
		};
		F64C6B1ED54D50899BB58EBE /* [CP] Copy Pods Resources */ = {
			isa = PBXShellScriptBuildPhase;
			buildActionMask = 2147483647;
			files = (
			);
			inputPaths = (
			);
			name = "[CP] Copy Pods Resources";
			outputPaths = (
			);
			runOnlyForDeploymentPostprocessing = 0;
			shellPath = /bin/sh;
			shellScript = "\"${SRCROOT}/Pods/Target Support Files/Pods-voice-app-clinet/Pods-voice-app-clinet-resources.sh\"\n";
			showEnvVarsInLog = 0;
		};
/* End PBXShellScriptBuildPhase section */

/* Begin PBXSourcesBuildPhase section */
		20812337201E5D9C000366AC /* Sources */ = {
			isa = PBXSourcesBuildPhase;
			buildActionMask = 2147483647;
			files = (
				20C90814201E73440070FEE4 /* NetworkAdaptor.swift in Sources */,
				20C90812201E73280070FEE4 /* Route.swift in Sources */,
				20812341201E5D9D000366AC /* ViewController.swift in Sources */,
				20552BEE2023B49800CC16C4 /* CoreDataStack.swift in Sources */,
				20552BE42023B36F00CC16C4 /* User+CoreDataProperties.swift in Sources */,
				20552BE72023B36F00CC16C4 /* User+CoreDataClass.swift in Sources */,
				20552BE32023B36F00CC16C4 /* Message+CoreDataClass.swift in Sources */,
				20552BE62023B36F00CC16C4 /* Message+CoreDataProperties.swift in Sources */,
				20552BE52023B36F00CC16C4 /* MessengerModel.xcdatamodeld in Sources */,
				2081233F201E5D9D000366AC /* AppDelegate.swift in Sources */,
				20C90816201E73630070FEE4 /* ClientManager.swift in Sources */,
				6787FFA120241A19008786D3 /* SignUpViewController.swift in Sources */,
				20552BEB2023B46300CC16C4 /* LoginViewController.swift in Sources */,
			);
			runOnlyForDeploymentPostprocessing = 0;
		};
/* End PBXSourcesBuildPhase section */

/* Begin PBXVariantGroup section */
		20812342201E5D9D000366AC /* Main.storyboard */ = {
			isa = PBXVariantGroup;
			children = (
				20812343201E5D9D000366AC /* Base */,
			);
			name = Main.storyboard;
			sourceTree = "<group>";
		};
		20812347201E5D9D000366AC /* LaunchScreen.storyboard */ = {
			isa = PBXVariantGroup;
			children = (
				20812348201E5D9D000366AC /* Base */,
			);
			name = LaunchScreen.storyboard;
			sourceTree = "<group>";
		};
/* End PBXVariantGroup section */

/* Begin XCBuildConfiguration section */
		2081234B201E5D9D000366AC /* Debug */ = {
			isa = XCBuildConfiguration;
			buildSettings = {
				ALWAYS_SEARCH_USER_PATHS = NO;
				CLANG_ANALYZER_NONNULL = YES;
				CLANG_ANALYZER_NUMBER_OBJECT_CONVERSION = YES_AGGRESSIVE;
				CLANG_CXX_LANGUAGE_STANDARD = "gnu++14";
				CLANG_CXX_LIBRARY = "libc++";
				CLANG_ENABLE_MODULES = YES;
				CLANG_ENABLE_OBJC_ARC = YES;
				CLANG_WARN_BLOCK_CAPTURE_AUTORELEASING = YES;
				CLANG_WARN_BOOL_CONVERSION = YES;
				CLANG_WARN_COMMA = YES;
				CLANG_WARN_CONSTANT_CONVERSION = YES;
				CLANG_WARN_DIRECT_OBJC_ISA_USAGE = YES_ERROR;
				CLANG_WARN_DOCUMENTATION_COMMENTS = YES;
				CLANG_WARN_EMPTY_BODY = YES;
				CLANG_WARN_ENUM_CONVERSION = YES;
				CLANG_WARN_INFINITE_RECURSION = YES;
				CLANG_WARN_INT_CONVERSION = YES;
				CLANG_WARN_NON_LITERAL_NULL_CONVERSION = YES;
				CLANG_WARN_OBJC_LITERAL_CONVERSION = YES;
				CLANG_WARN_OBJC_ROOT_CLASS = YES_ERROR;
				CLANG_WARN_RANGE_LOOP_ANALYSIS = YES;
				CLANG_WARN_STRICT_PROTOTYPES = YES;
				CLANG_WARN_SUSPICIOUS_MOVE = YES;
				CLANG_WARN_UNGUARDED_AVAILABILITY = YES_AGGRESSIVE;
				CLANG_WARN_UNREACHABLE_CODE = YES;
				CLANG_WARN__DUPLICATE_METHOD_MATCH = YES;
				CODE_SIGN_IDENTITY = "iPhone Developer";
				COPY_PHASE_STRIP = NO;
				DEBUG_INFORMATION_FORMAT = dwarf;
				ENABLE_STRICT_OBJC_MSGSEND = YES;
				ENABLE_TESTABILITY = YES;
				GCC_C_LANGUAGE_STANDARD = gnu11;
				GCC_DYNAMIC_NO_PIC = NO;
				GCC_NO_COMMON_BLOCKS = YES;
				GCC_OPTIMIZATION_LEVEL = 0;
				GCC_PREPROCESSOR_DEFINITIONS = (
					"DEBUG=1",
					"$(inherited)",
				);
				GCC_WARN_64_TO_32_BIT_CONVERSION = YES;
				GCC_WARN_ABOUT_RETURN_TYPE = YES_ERROR;
				GCC_WARN_UNDECLARED_SELECTOR = YES;
				GCC_WARN_UNINITIALIZED_AUTOS = YES_AGGRESSIVE;
				GCC_WARN_UNUSED_FUNCTION = YES;
				GCC_WARN_UNUSED_VARIABLE = YES;
				IPHONEOS_DEPLOYMENT_TARGET = 11.2;
				MTL_ENABLE_DEBUG_INFO = YES;
				ONLY_ACTIVE_ARCH = YES;
				SDKROOT = iphoneos;
				SWIFT_ACTIVE_COMPILATION_CONDITIONS = DEBUG;
				SWIFT_OPTIMIZATION_LEVEL = "-Onone";
			};
			name = Debug;
		};
		2081234C201E5D9D000366AC /* Release */ = {
			isa = XCBuildConfiguration;
			buildSettings = {
				ALWAYS_SEARCH_USER_PATHS = NO;
				CLANG_ANALYZER_NONNULL = YES;
				CLANG_ANALYZER_NUMBER_OBJECT_CONVERSION = YES_AGGRESSIVE;
				CLANG_CXX_LANGUAGE_STANDARD = "gnu++14";
				CLANG_CXX_LIBRARY = "libc++";
				CLANG_ENABLE_MODULES = YES;
				CLANG_ENABLE_OBJC_ARC = YES;
				CLANG_WARN_BLOCK_CAPTURE_AUTORELEASING = YES;
				CLANG_WARN_BOOL_CONVERSION = YES;
				CLANG_WARN_COMMA = YES;
				CLANG_WARN_CONSTANT_CONVERSION = YES;
				CLANG_WARN_DIRECT_OBJC_ISA_USAGE = YES_ERROR;
				CLANG_WARN_DOCUMENTATION_COMMENTS = YES;
				CLANG_WARN_EMPTY_BODY = YES;
				CLANG_WARN_ENUM_CONVERSION = YES;
				CLANG_WARN_INFINITE_RECURSION = YES;
				CLANG_WARN_INT_CONVERSION = YES;
				CLANG_WARN_NON_LITERAL_NULL_CONVERSION = YES;
				CLANG_WARN_OBJC_LITERAL_CONVERSION = YES;
				CLANG_WARN_OBJC_ROOT_CLASS = YES_ERROR;
				CLANG_WARN_RANGE_LOOP_ANALYSIS = YES;
				CLANG_WARN_STRICT_PROTOTYPES = YES;
				CLANG_WARN_SUSPICIOUS_MOVE = YES;
				CLANG_WARN_UNGUARDED_AVAILABILITY = YES_AGGRESSIVE;
				CLANG_WARN_UNREACHABLE_CODE = YES;
				CLANG_WARN__DUPLICATE_METHOD_MATCH = YES;
				CODE_SIGN_IDENTITY = "iPhone Developer";
				COPY_PHASE_STRIP = NO;
				DEBUG_INFORMATION_FORMAT = "dwarf-with-dsym";
				ENABLE_NS_ASSERTIONS = NO;
				ENABLE_STRICT_OBJC_MSGSEND = YES;
				GCC_C_LANGUAGE_STANDARD = gnu11;
				GCC_NO_COMMON_BLOCKS = YES;
				GCC_WARN_64_TO_32_BIT_CONVERSION = YES;
				GCC_WARN_ABOUT_RETURN_TYPE = YES_ERROR;
				GCC_WARN_UNDECLARED_SELECTOR = YES;
				GCC_WARN_UNINITIALIZED_AUTOS = YES_AGGRESSIVE;
				GCC_WARN_UNUSED_FUNCTION = YES;
				GCC_WARN_UNUSED_VARIABLE = YES;
				IPHONEOS_DEPLOYMENT_TARGET = 11.2;
				MTL_ENABLE_DEBUG_INFO = NO;
				SDKROOT = iphoneos;
				SWIFT_OPTIMIZATION_LEVEL = "-Owholemodule";
				VALIDATE_PRODUCT = YES;
			};
			name = Release;
		};
		2081234E201E5D9D000366AC /* Debug */ = {
			isa = XCBuildConfiguration;
			baseConfigurationReference = 26EDD52CEC07F0C592DC0475 /* Pods-voice-app-clinet.debug.xcconfig */;
			buildSettings = {
				ASSETCATALOG_COMPILER_APPICON_NAME = AppIcon;
				CODE_SIGN_STYLE = Automatic;
				DEVELOPMENT_TEAM = K7R433H2CL;
				INFOPLIST_FILE = "voice-app-clinet/Info.plist";
				LD_RUNPATH_SEARCH_PATHS = "$(inherited) @executable_path/Frameworks";
				PRODUCT_BUNDLE_IDENTIFIER = "yveslym-corp.voice-app-clinet";
				PRODUCT_NAME = "$(TARGET_NAME)";
				SWIFT_VERSION = 4.0;
				TARGETED_DEVICE_FAMILY = "1,2";
			};
			name = Debug;
		};
		2081234F201E5D9D000366AC /* Release */ = {
			isa = XCBuildConfiguration;
			baseConfigurationReference = 556DD9CCDF0FE461A0E6378E /* Pods-voice-app-clinet.release.xcconfig */;
			buildSettings = {
				ASSETCATALOG_COMPILER_APPICON_NAME = AppIcon;
				CODE_SIGN_STYLE = Automatic;
				DEVELOPMENT_TEAM = K7R433H2CL;
				INFOPLIST_FILE = "voice-app-clinet/Info.plist";
				LD_RUNPATH_SEARCH_PATHS = "$(inherited) @executable_path/Frameworks";
				PRODUCT_BUNDLE_IDENTIFIER = "yveslym-corp.voice-app-clinet";
				PRODUCT_NAME = "$(TARGET_NAME)";
				SWIFT_VERSION = 4.0;
				TARGETED_DEVICE_FAMILY = "1,2";
			};
			name = Release;
		};
/* End XCBuildConfiguration section */

/* Begin XCConfigurationList section */
		20812336201E5D9C000366AC /* Build configuration list for PBXProject "voice-app-clinet" */ = {
			isa = XCConfigurationList;
			buildConfigurations = (
				2081234B201E5D9D000366AC /* Debug */,
				2081234C201E5D9D000366AC /* Release */,
			);
			defaultConfigurationIsVisible = 0;
			defaultConfigurationName = Release;
		};
		2081234D201E5D9D000366AC /* Build configuration list for PBXNativeTarget "voice-app-clinet" */ = {
			isa = XCConfigurationList;
			buildConfigurations = (
				2081234E201E5D9D000366AC /* Debug */,
				2081234F201E5D9D000366AC /* Release */,
			);
			defaultConfigurationIsVisible = 0;
			defaultConfigurationName = Release;
		};
/* End XCConfigurationList section */

/* Begin XCVersionGroup section */
		20552BDF2023B36F00CC16C4 /* MessengerModel.xcdatamodeld */ = {
			isa = XCVersionGroup;
			children = (
				20552BE02023B36F00CC16C4 /* MessengerModel.xcdatamodel */,
			);
			currentVersion = 20552BE02023B36F00CC16C4 /* MessengerModel.xcdatamodel */;
			path = MessengerModel.xcdatamodeld;
			sourceTree = "<group>";
			versionGroupType = wrapper.xcdatamodel;
		};
/* End XCVersionGroup section */
	};
	rootObject = 20812333201E5D9C000366AC /* Project object */;
}
